// !$*UTF8*$!
{
	archiveVersion = 1;
	classes = {
	};
	objectVersion = 56;
	objects = {

/* Begin PBXBuildFile section */
		4F95E0502A392ECB00FBB593 /* TwitterSwiftUIApp.swift in Sources */ = {isa = PBXBuildFile; fileRef = 4F95E04F2A392ECB00FBB593 /* TwitterSwiftUIApp.swift */; };
		4F95E0522A392ECB00FBB593 /* ContentView.swift in Sources */ = {isa = PBXBuildFile; fileRef = 4F95E0512A392ECB00FBB593 /* ContentView.swift */; };
		4F95E0542A392ECC00FBB593 /* Assets.xcassets in Resources */ = {isa = PBXBuildFile; fileRef = 4F95E0532A392ECC00FBB593 /* Assets.xcassets */; };
		4F95E0572A392ECC00FBB593 /* Preview Assets.xcassets in Resources */ = {isa = PBXBuildFile; fileRef = 4F95E0562A392ECC00FBB593 /* Preview Assets.xcassets */; };
		4F95E0662A3A520800FBB593 /* FeedView.swift in Sources */ = {isa = PBXBuildFile; fileRef = 4F95E0652A3A520800FBB593 /* FeedView.swift */; };
		4F95E0692A3A544400FBB593 /* TweetsRowView.swift in Sources */ = {isa = PBXBuildFile; fileRef = 4F95E0682A3A544400FBB593 /* TweetsRowView.swift */; };
		4F95E06C2A3A5FEA00FBB593 /* MainTabView.swift in Sources */ = {isa = PBXBuildFile; fileRef = 4F95E06B2A3A5FEA00FBB593 /* MainTabView.swift */; };
		4F95E0722A3A71A800FBB593 /* ExploreView.swift in Sources */ = {isa = PBXBuildFile; fileRef = 4F95E0712A3A71A800FBB593 /* ExploreView.swift */; };
		4F95E0742A3A71C300FBB593 /* NotificationsView.swift in Sources */ = {isa = PBXBuildFile; fileRef = 4F95E0732A3A71C300FBB593 /* NotificationsView.swift */; };
		4F95E0762A3A71D000FBB593 /* MessagesView.swift in Sources */ = {isa = PBXBuildFile; fileRef = 4F95E0752A3A71D000FBB593 /* MessagesView.swift */; };
		4F95E07A2A3A876C00FBB593 /* ProfileView.swift in Sources */ = {isa = PBXBuildFile; fileRef = 4F95E0792A3A876C00FBB593 /* ProfileView.swift */; };
		4F95E07C2A3C0A1700FBB593 /* TweetFilterViewModel.swift in Sources */ = {isa = PBXBuildFile; fileRef = 4F95E07B2A3C0A1700FBB593 /* TweetFilterViewModel.swift */; };
/* End PBXBuildFile section */

/* Begin PBXFileReference section */
		4F95E04C2A392ECB00FBB593 /* TwitterSwiftUI.app */ = {isa = PBXFileReference; explicitFileType = wrapper.application; includeInIndex = 0; path = TwitterSwiftUI.app; sourceTree = BUILT_PRODUCTS_DIR; };
		4F95E04F2A392ECB00FBB593 /* TwitterSwiftUIApp.swift */ = {isa = PBXFileReference; lastKnownFileType = sourcecode.swift; path = TwitterSwiftUIApp.swift; sourceTree = "<group>"; };
		4F95E0512A392ECB00FBB593 /* ContentView.swift */ = {isa = PBXFileReference; lastKnownFileType = sourcecode.swift; path = ContentView.swift; sourceTree = "<group>"; };
		4F95E0532A392ECC00FBB593 /* Assets.xcassets */ = {isa = PBXFileReference; lastKnownFileType = folder.assetcatalog; path = Assets.xcassets; sourceTree = "<group>"; };
		4F95E0562A392ECC00FBB593 /* Preview Assets.xcassets */ = {isa = PBXFileReference; lastKnownFileType = folder.assetcatalog; path = "Preview Assets.xcassets"; sourceTree = "<group>"; };
		4F95E0652A3A520800FBB593 /* FeedView.swift */ = {isa = PBXFileReference; lastKnownFileType = sourcecode.swift; path = FeedView.swift; sourceTree = "<group>"; };
		4F95E0682A3A544400FBB593 /* TweetsRowView.swift */ = {isa = PBXFileReference; lastKnownFileType = sourcecode.swift; path = TweetsRowView.swift; sourceTree = "<group>"; };
		4F95E06B2A3A5FEA00FBB593 /* MainTabView.swift */ = {isa = PBXFileReference; lastKnownFileType = sourcecode.swift; path = MainTabView.swift; sourceTree = "<group>"; };
		4F95E0712A3A71A800FBB593 /* ExploreView.swift */ = {isa = PBXFileReference; lastKnownFileType = sourcecode.swift; path = ExploreView.swift; sourceTree = "<group>"; };
		4F95E0732A3A71C300FBB593 /* NotificationsView.swift */ = {isa = PBXFileReference; lastKnownFileType = sourcecode.swift; path = NotificationsView.swift; sourceTree = "<group>"; };
		4F95E0752A3A71D000FBB593 /* MessagesView.swift */ = {isa = PBXFileReference; lastKnownFileType = sourcecode.swift; path = MessagesView.swift; sourceTree = "<group>"; };
		4F95E0792A3A876C00FBB593 /* ProfileView.swift */ = {isa = PBXFileReference; lastKnownFileType = sourcecode.swift; path = ProfileView.swift; sourceTree = "<group>"; };
		4F95E07B2A3C0A1700FBB593 /* TweetFilterViewModel.swift */ = {isa = PBXFileReference; lastKnownFileType = sourcecode.swift; path = TweetFilterViewModel.swift; sourceTree = "<group>"; };
/* End PBXFileReference section */

/* Begin PBXFrameworksBuildPhase section */
		4F95E0492A392ECB00FBB593 /* Frameworks */ = {
			isa = PBXFrameworksBuildPhase;
			buildActionMask = 2147483647;
			files = (
			);
			runOnlyForDeploymentPostprocessing = 0;
		};
/* End PBXFrameworksBuildPhase section */

/* Begin PBXGroup section */
		4F95E0432A392ECB00FBB593 = {
			isa = PBXGroup;
			children = (
				4F95E04E2A392ECB00FBB593 /* TwitterSwiftUI */,
				4F95E04D2A392ECB00FBB593 /* Products */,
			);
			sourceTree = "<group>";
		};
		4F95E04D2A392ECB00FBB593 /* Products */ = {
			isa = PBXGroup;
			children = (
				4F95E04C2A392ECB00FBB593 /* TwitterSwiftUI.app */,
			);
			name = Products;
			sourceTree = "<group>";
		};
		4F95E04E2A392ECB00FBB593 /* TwitterSwiftUI */ = {
			isa = PBXGroup;
			children = (
				4F95E05E2A392EF800FBB593 /* Extensions */,
				4F95E05D2A392EE300FBB593 /* Model */,
				4F95E05F2A392EFD00FBB593 /* Service */,
				4F95E0602A392F0900FBB593 /* Core */,
				4F95E04F2A392ECB00FBB593 /* TwitterSwiftUIApp.swift */,
				4F95E0512A392ECB00FBB593 /* ContentView.swift */,
				4F95E0532A392ECC00FBB593 /* Assets.xcassets */,
				4F95E0552A392ECC00FBB593 /* Preview Content */,
			);
			path = TwitterSwiftUI;
			sourceTree = "<group>";
		};
		4F95E0552A392ECC00FBB593 /* Preview Content */ = {
			isa = PBXGroup;
			children = (
				4F95E0562A392ECC00FBB593 /* Preview Assets.xcassets */,
			);
			path = "Preview Content";
			sourceTree = "<group>";
		};
		4F95E05D2A392EE300FBB593 /* Model */ = {
			isa = PBXGroup;
			children = (
			);
			path = Model;
			sourceTree = "<group>";
		};
		4F95E05E2A392EF800FBB593 /* Extensions */ = {
			isa = PBXGroup;
			children = (
			);
			path = Extensions;
			sourceTree = "<group>";
		};
		4F95E05F2A392EFD00FBB593 /* Service */ = {
			isa = PBXGroup;
			children = (
			);
			path = Service;
			sourceTree = "<group>";
		};
		4F95E0602A392F0900FBB593 /* Core */ = {
			isa = PBXGroup;
			children = (
				4F95E0612A392F1A00FBB593 /* Components */,
				4F95E0702A3A70CD00FBB593 /* Profile */,
				4F95E06F2A3A70B700FBB593 /* Explore */,
				4F95E06E2A3A70B500FBB593 /* Notifications */,
				4F95E06D2A3A70B100FBB593 /* Messages */,
				4F95E06A2A3A5FD900FBB593 /* MainTab */,
				4F95E0622A392F2200FBB593 /* Feed */,
			);
			path = Core;
			sourceTree = "<group>";
		};
		4F95E0612A392F1A00FBB593 /* Components */ = {
			isa = PBXGroup;
			children = (
				4F95E0672A3A541C00FBB593 /* Tweets */,
			);
			path = Components;
			sourceTree = "<group>";
		};
		4F95E0622A392F2200FBB593 /* Feed */ = {
			isa = PBXGroup;
			children = (
				4F95E0632A392F5F00FBB593 /* ViewModels */,
				4F95E0642A392F6C00FBB593 /* View */,
			);
			path = Feed;
			sourceTree = "<group>";
		};
		4F95E0632A392F5F00FBB593 /* ViewModels */ = {
			isa = PBXGroup;
			children = (
			);
			path = ViewModels;
			sourceTree = "<group>";
		};
		4F95E0642A392F6C00FBB593 /* View */ = {
			isa = PBXGroup;
			children = (
				4F95E0652A3A520800FBB593 /* FeedView.swift */,
			);
			path = View;
			sourceTree = "<group>";
		};
		4F95E0672A3A541C00FBB593 /* Tweets */ = {
			isa = PBXGroup;
			children = (
				4F95E0682A3A544400FBB593 /* TweetsRowView.swift */,
			);
			path = Tweets;
			sourceTree = "<group>";
		};
		4F95E06A2A3A5FD900FBB593 /* MainTab */ = {
			isa = PBXGroup;
			children = (
				4F95E06B2A3A5FEA00FBB593 /* MainTabView.swift */,
			);
			path = MainTab;
			sourceTree = "<group>";
		};
		4F95E06D2A3A70B100FBB593 /* Messages */ = {
			isa = PBXGroup;
			children = (
				4F95E0752A3A71D000FBB593 /* MessagesView.swift */,
			);
			path = Messages;
			sourceTree = "<group>";
		};
		4F95E06E2A3A70B500FBB593 /* Notifications */ = {
			isa = PBXGroup;
			children = (
				4F95E0732A3A71C300FBB593 /* NotificationsView.swift */,
			);
			path = Notifications;
			sourceTree = "<group>";
		};
		4F95E06F2A3A70B700FBB593 /* Explore */ = {
			isa = PBXGroup;
			children = (
				4F95E0712A3A71A800FBB593 /* ExploreView.swift */,
			);
			path = Explore;
			sourceTree = "<group>";
		};
		4F95E0702A3A70CD00FBB593 /* Profile */ = {
			isa = PBXGroup;
			children = (
				4F95E0772A3A875700FBB593 /* ViewModels */,
				4F95E0782A3A875F00FBB593 /* Views */,
			);
			path = Profile;
			sourceTree = "<group>";
		};
		4F95E0772A3A875700FBB593 /* ViewModels */ = {
			isa = PBXGroup;
			children = (
			);
			path = ViewModels;
			sourceTree = "<group>";
		};
		4F95E0782A3A875F00FBB593 /* Views */ = {
			isa = PBXGroup;
			children = (
				4F95E0792A3A876C00FBB593 /* ProfileView.swift */,
				4F95E07B2A3C0A1700FBB593 /* TweetFilterViewModel.swift */,
			);
			path = Views;
			sourceTree = "<group>";
		};
/* End PBXGroup section */

/* Begin PBXNativeTarget section */
		4F95E04B2A392ECB00FBB593 /* TwitterSwiftUI */ = {
			isa = PBXNativeTarget;
			buildConfigurationList = 4F95E05A2A392ECC00FBB593 /* Build configuration list for PBXNativeTarget "TwitterSwiftUI" */;
			buildPhases = (
				4F95E0482A392ECB00FBB593 /* Sources */,
				4F95E0492A392ECB00FBB593 /* Frameworks */,
				4F95E04A2A392ECB00FBB593 /* Resources */,
			);
			buildRules = (
			);
			dependencies = (
			);
			name = TwitterSwiftUI;
			productName = TwitterSwiftUI;
			productReference = 4F95E04C2A392ECB00FBB593 /* TwitterSwiftUI.app */;
			productType = "com.apple.product-type.application";
		};
/* End PBXNativeTarget section */

/* Begin PBXProject section */
		4F95E0442A392ECB00FBB593 /* Project object */ = {
			isa = PBXProject;
			attributes = {
				BuildIndependentTargetsInParallel = 1;
				LastSwiftUpdateCheck = 1430;
				LastUpgradeCheck = 1430;
				TargetAttributes = {
					4F95E04B2A392ECB00FBB593 = {
						CreatedOnToolsVersion = 14.3.1;
					};
				};
			};
			buildConfigurationList = 4F95E0472A392ECB00FBB593 /* Build configuration list for PBXProject "TwitterSwiftUI" */;
			compatibilityVersion = "Xcode 14.0";
			developmentRegion = en;
			hasScannedForEncodings = 0;
			knownRegions = (
				en,
				Base,
			);
			mainGroup = 4F95E0432A392ECB00FBB593;
			productRefGroup = 4F95E04D2A392ECB00FBB593 /* Products */;
			projectDirPath = "";
			projectRoot = "";
			targets = (
				4F95E04B2A392ECB00FBB593 /* TwitterSwiftUI */,
			);
		};
/* End PBXProject section */

/* Begin PBXResourcesBuildPhase section */
		4F95E04A2A392ECB00FBB593 /* Resources */ = {
			isa = PBXResourcesBuildPhase;
			buildActionMask = 2147483647;
			files = (
				4F95E0572A392ECC00FBB593 /* Preview Assets.xcassets in Resources */,
				4F95E0542A392ECC00FBB593 /* Assets.xcassets in Resources */,
			);
			runOnlyForDeploymentPostprocessing = 0;
		};
/* End PBXResourcesBuildPhase section */

/* Begin PBXSourcesBuildPhase section */
		4F95E0482A392ECB00FBB593 /* Sources */ = {
			isa = PBXSourcesBuildPhase;
			buildActionMask = 2147483647;
			files = (
				4F95E0762A3A71D000FBB593 /* MessagesView.swift in Sources */,
				4F95E07A2A3A876C00FBB593 /* ProfileView.swift in Sources */,
				4F95E0522A392ECB00FBB593 /* ContentView.swift in Sources */,
				4F95E0692A3A544400FBB593 /* TweetsRowView.swift in Sources */,
				4F95E07C2A3C0A1700FBB593 /* TweetFilterViewModel.swift in Sources */,
				4F95E0662A3A520800FBB593 /* FeedView.swift in Sources */,
				4F95E0502A392ECB00FBB593 /* TwitterSwiftUIApp.swift in Sources */,
				4F95E0722A3A71A800FBB593 /* ExploreView.swift in Sources */,
				4F95E06C2A3A5FEA00FBB593 /* MainTabView.swift in Sources */,
				4F95E0742A3A71C300FBB593 /* NotificationsView.swift in Sources */,
			);
			runOnlyForDeploymentPostprocessing = 0;
		};
/* End PBXSourcesBuildPhase section */

/* Begin XCBuildConfiguration section */
		4F95E0582A392ECC00FBB593 /* Debug */ = {
			isa = XCBuildConfiguration;
			buildSettings = {
				ALWAYS_SEARCH_USER_PATHS = NO;
				CLANG_ANALYZER_NONNULL = YES;
				CLANG_ANALYZER_NUMBER_OBJECT_CONVERSION = YES_AGGRESSIVE;
				CLANG_CXX_LANGUAGE_STANDARD = "gnu++20";
				CLANG_ENABLE_MODULES = YES;
				CLANG_ENABLE_OBJC_ARC = YES;
				CLANG_ENABLE_OBJC_WEAK = YES;
				CLANG_WARN_BLOCK_CAPTURE_AUTORELEASING = YES;
				CLANG_WARN_BOOL_CONVERSION = YES;
				CLANG_WARN_COMMA = YES;
				CLANG_WARN_CONSTANT_CONVERSION = YES;
				CLANG_WARN_DEPRECATED_OBJC_IMPLEMENTATIONS = YES;
				CLANG_WARN_DIRECT_OBJC_ISA_USAGE = YES_ERROR;
				CLANG_WARN_DOCUMENTATION_COMMENTS = YES;
				CLANG_WARN_EMPTY_BODY = YES;
				CLANG_WARN_ENUM_CONVERSION = YES;
				CLANG_WARN_INFINITE_RECURSION = YES;
				CLANG_WARN_INT_CONVERSION = YES;
				CLANG_WARN_NON_LITERAL_NULL_CONVERSION = YES;
				CLANG_WARN_OBJC_IMPLICIT_RETAIN_SELF = YES;
				CLANG_WARN_OBJC_LITERAL_CONVERSION = YES;
				CLANG_WARN_OBJC_ROOT_CLASS = YES_ERROR;
				CLANG_WARN_QUOTED_INCLUDE_IN_FRAMEWORK_HEADER = YES;
				CLANG_WARN_RANGE_LOOP_ANALYSIS = YES;
				CLANG_WARN_STRICT_PROTOTYPES = YES;
				CLANG_WARN_SUSPICIOUS_MOVE = YES;
				CLANG_WARN_UNGUARDED_AVAILABILITY = YES_AGGRESSIVE;
				CLANG_WARN_UNREACHABLE_CODE = YES;
				CLANG_WARN__DUPLICATE_METHOD_MATCH = YES;
				COPY_PHASE_STRIP = NO;
				DEBUG_INFORMATION_FORMAT = dwarf;
				ENABLE_STRICT_OBJC_MSGSEND = YES;
				ENABLE_TESTABILITY = YES;
				GCC_C_LANGUAGE_STANDARD = gnu11;
				GCC_DYNAMIC_NO_PIC = NO;
				GCC_NO_COMMON_BLOCKS = YES;
				GCC_OPTIMIZATION_LEVEL = 0;
				GCC_PREPROCESSOR_DEFINITIONS = (
					"DEBUG=1",
					"$(inherited)",
				);
				GCC_WARN_64_TO_32_BIT_CONVERSION = YES;
				GCC_WARN_ABOUT_RETURN_TYPE = YES_ERROR;
				GCC_WARN_UNDECLARED_SELECTOR = YES;
				GCC_WARN_UNINITIALIZED_AUTOS = YES_AGGRESSIVE;
				GCC_WARN_UNUSED_FUNCTION = YES;
				GCC_WARN_UNUSED_VARIABLE = YES;
				IPHONEOS_DEPLOYMENT_TARGET = 16.4;
				MTL_ENABLE_DEBUG_INFO = INCLUDE_SOURCE;
				MTL_FAST_MATH = YES;
				ONLY_ACTIVE_ARCH = YES;
				SDKROOT = iphoneos;
				SWIFT_ACTIVE_COMPILATION_CONDITIONS = DEBUG;
				SWIFT_OPTIMIZATION_LEVEL = "-Onone";
			};
			name = Debug;
		};
		4F95E0592A392ECC00FBB593 /* Release */ = {
			isa = XCBuildConfiguration;
			buildSettings = {
				ALWAYS_SEARCH_USER_PATHS = NO;
				CLANG_ANALYZER_NONNULL = YES;
				CLANG_ANALYZER_NUMBER_OBJECT_CONVERSION = YES_AGGRESSIVE;
				CLANG_CXX_LANGUAGE_STANDARD = "gnu++20";
				CLANG_ENABLE_MODULES = YES;
				CLANG_ENABLE_OBJC_ARC = YES;
				CLANG_ENABLE_OBJC_WEAK = YES;
				CLANG_WARN_BLOCK_CAPTURE_AUTORELEASING = YES;
				CLANG_WARN_BOOL_CONVERSION = YES;
				CLANG_WARN_COMMA = YES;
				CLANG_WARN_CONSTANT_CONVERSION = YES;
				CLANG_WARN_DEPRECATED_OBJC_IMPLEMENTATIONS = YES;
				CLANG_WARN_DIRECT_OBJC_ISA_USAGE = YES_ERROR;
				CLANG_WARN_DOCUMENTATION_COMMENTS = YES;
				CLANG_WARN_EMPTY_BODY = YES;
				CLANG_WARN_ENUM_CONVERSION = YES;
				CLANG_WARN_INFINITE_RECURSION = YES;
				CLANG_WARN_INT_CONVERSION = YES;
				CLANG_WARN_NON_LITERAL_NULL_CONVERSION = YES;
				CLANG_WARN_OBJC_IMPLICIT_RETAIN_SELF = YES;
				CLANG_WARN_OBJC_LITERAL_CONVERSION = YES;
				CLANG_WARN_OBJC_ROOT_CLASS = YES_ERROR;
				CLANG_WARN_QUOTED_INCLUDE_IN_FRAMEWORK_HEADER = YES;
				CLANG_WARN_RANGE_LOOP_ANALYSIS = YES;
				CLANG_WARN_STRICT_PROTOTYPES = YES;
				CLANG_WARN_SUSPICIOUS_MOVE = YES;
				CLANG_WARN_UNGUARDED_AVAILABILITY = YES_AGGRESSIVE;
				CLANG_WARN_UNREACHABLE_CODE = YES;
				CLANG_WARN__DUPLICATE_METHOD_MATCH = YES;
				COPY_PHASE_STRIP = NO;
				DEBUG_INFORMATION_FORMAT = "dwarf-with-dsym";
				ENABLE_NS_ASSERTIONS = NO;
				ENABLE_STRICT_OBJC_MSGSEND = YES;
				GCC_C_LANGUAGE_STANDARD = gnu11;
				GCC_NO_COMMON_BLOCKS = YES;
				GCC_WARN_64_TO_32_BIT_CONVERSION = YES;
				GCC_WARN_ABOUT_RETURN_TYPE = YES_ERROR;
				GCC_WARN_UNDECLARED_SELECTOR = YES;
				GCC_WARN_UNINITIALIZED_AUTOS = YES_AGGRESSIVE;
				GCC_WARN_UNUSED_FUNCTION = YES;
				GCC_WARN_UNUSED_VARIABLE = YES;
				IPHONEOS_DEPLOYMENT_TARGET = 16.4;
				MTL_ENABLE_DEBUG_INFO = NO;
				MTL_FAST_MATH = YES;
				SDKROOT = iphoneos;
				SWIFT_COMPILATION_MODE = wholemodule;
				SWIFT_OPTIMIZATION_LEVEL = "-O";
				VALIDATE_PRODUCT = YES;
			};
			name = Release;
		};
		4F95E05B2A392ECC00FBB593 /* Debug */ = {
			isa = XCBuildConfiguration;
			buildSettings = {
				ASSETCATALOG_COMPILER_APPICON_NAME = AppIcon;
				ASSETCATALOG_COMPILER_GLOBAL_ACCENT_COLOR_NAME = AccentColor;
				CODE_SIGN_STYLE = Automatic;
				CURRENT_PROJECT_VERSION = 1;
				DEVELOPMENT_ASSET_PATHS = "\"TwitterSwiftUI/Preview Content\"";
				DEVELOPMENT_TEAM = K35BNBD6DW;
				ENABLE_PREVIEWS = YES;
				GENERATE_INFOPLIST_FILE = YES;
				INFOPLIST_KEY_UIApplicationSceneManifest_Generation = YES;
				INFOPLIST_KEY_UIApplicationSupportsIndirectInputEvents = YES;
				INFOPLIST_KEY_UILaunchScreen_Generation = YES;
				INFOPLIST_KEY_UISupportedInterfaceOrientations_iPad = "UIInterfaceOrientationPortrait UIInterfaceOrientationPortraitUpsideDown UIInterfaceOrientationLandscapeLeft UIInterfaceOrientationLandscapeRight";
				INFOPLIST_KEY_UISupportedInterfaceOrientations_iPhone = "UIInterfaceOrientationPortrait UIInterfaceOrientationLandscapeLeft UIInterfaceOrientationLandscapeRight";
				LD_RUNPATH_SEARCH_PATHS = (
					"$(inherited)",
					"@executable_path/Frameworks",
				);
				MARKETING_VERSION = 1.0;
				PRODUCT_BUNDLE_IDENTIFIER = ZoupSoup.TwitterSwiftUI;
				PRODUCT_NAME = "$(TARGET_NAME)";
				SWIFT_EMIT_LOC_STRINGS = YES;
				SWIFT_VERSION = 5.0;
				TARGETED_DEVICE_FAMILY = "1,2";
			};
			name = Debug;
		};
		4F95E05C2A392ECC00FBB593 /* Release */ = {
			isa = XCBuildConfiguration;
			buildSettings = {
				ASSETCATALOG_COMPILER_APPICON_NAME = AppIcon;
				ASSETCATALOG_COMPILER_GLOBAL_ACCENT_COLOR_NAME = AccentColor;
				CODE_SIGN_STYLE = Automatic;
				CURRENT_PROJECT_VERSION = 1;
				DEVELOPMENT_ASSET_PATHS = "\"TwitterSwiftUI/Preview Content\"";
				DEVELOPMENT_TEAM = K35BNBD6DW;
				ENABLE_PREVIEWS = YES;
				GENERATE_INFOPLIST_FILE = YES;
				INFOPLIST_KEY_UIApplicationSceneManifest_Generation = YES;
				INFOPLIST_KEY_UIApplicationSupportsIndirectInputEvents = YES;
				INFOPLIST_KEY_UILaunchScreen_Generation = YES;
				INFOPLIST_KEY_UISupportedInterfaceOrientations_iPad = "UIInterfaceOrientationPortrait UIInterfaceOrientationPortraitUpsideDown UIInterfaceOrientationLandscapeLeft UIInterfaceOrientationLandscapeRight";
				INFOPLIST_KEY_UISupportedInterfaceOrientations_iPhone = "UIInterfaceOrientationPortrait UIInterfaceOrientationLandscapeLeft UIInterfaceOrientationLandscapeRight";
				LD_RUNPATH_SEARCH_PATHS = (
					"$(inherited)",
					"@executable_path/Frameworks",
				);
				MARKETING_VERSION = 1.0;
				PRODUCT_BUNDLE_IDENTIFIER = ZoupSoup.TwitterSwiftUI;
				PRODUCT_NAME = "$(TARGET_NAME)";
				SWIFT_EMIT_LOC_STRINGS = YES;
				SWIFT_VERSION = 5.0;
				TARGETED_DEVICE_FAMILY = "1,2";
			};
			name = Release;
		};
/* End XCBuildConfiguration section */

/* Begin XCConfigurationList section */
		4F95E0472A392ECB00FBB593 /* Build configuration list for PBXProject "TwitterSwiftUI" */ = {
			isa = XCConfigurationList;
			buildConfigurations = (
				4F95E0582A392ECC00FBB593 /* Debug */,
				4F95E0592A392ECC00FBB593 /* Release */,
			);
			defaultConfigurationIsVisible = 0;
			defaultConfigurationName = Release;
		};
		4F95E05A2A392ECC00FBB593 /* Build configuration list for PBXNativeTarget "TwitterSwiftUI" */ = {
			isa = XCConfigurationList;
			buildConfigurations = (
				4F95E05B2A392ECC00FBB593 /* Debug */,
				4F95E05C2A392ECC00FBB593 /* Release */,
			);
			defaultConfigurationIsVisible = 0;
			defaultConfigurationName = Release;
		};
/* End XCConfigurationList section */
	};
	rootObject = 4F95E0442A392ECB00FBB593 /* Project object */;
}
